
Microsoft Visual Studio Solution File, Format Version 12.00
# Visual Studio Version 17
VisualStudioVersion = 17.10.35013.160
MinimumVisualStudioVersion = 10.0.40219.1
Project("{9A19103F-16F7-4668-BE54-9A1E7A4F7556}") = "TopLevelStatements", "TopLevelStatements\TopLevelStatements.csproj", "{EF019393-924F-4EE8-AFE4-0C2B298F22CB}"
EndProject
Project("{2150E333-8FDC-42A3-9474-1A3956D46DE8}") = "M001_Sprachfeatures", "M001_Sprachfeatures", "{D96FB3DE-17A4-4259-A4BD-5DA0EEDAFE2B}"
EndProject
Project("{9A19103F-16F7-4668-BE54-9A1E7A4F7556}") = "Sprachfeatures", "Sprachfeatures\Sprachfeatures.csproj", "{5B2D29C4-ADA8-42FB-A950-737E76981A54}"
EndProject
Project("{2150E333-8FDC-42A3-9474-1A3956D46DE8}") = "M003_DelegatesEvents", "M003_DelegatesEvents", "{626A015B-D0BF-4C7C-AA59-4C5DA4665C11}"
EndProject
Project("{9A19103F-16F7-4668-BE54-9A1E7A4F7556}") = "Delegates", "Delegates\Delegates.csproj", "{61B1D871-2A73-472F-A22E-2974557A96B1}"
EndProject
Project("{9A19103F-16F7-4668-BE54-9A1E7A4F7556}") = "Events", "Events\Events.csproj", "{0E9263DC-E116-4B98-9D6C-BF00B6A6A7AF}"
EndProject
Project("{2150E333-8FDC-42A3-9474-1A3956D46DE8}") = "M004_Generics", "M004_Generics", "{8BEC0F69-5E23-4937-8E87-1E448E4493FF}"
EndProject
Project("{9A19103F-16F7-4668-BE54-9A1E7A4F7556}") = "Generics", "Generics\Generics.csproj", "{06CC9F8E-E3A6-42EE-91AD-A779DFC5E49F}"
EndProject
Project("{2150E333-8FDC-42A3-9474-1A3956D46DE8}") = "M005_Serialization", "M005_Serialization", "{52C7A032-17FE-4E86-8BF5-DF8BC7F612CE}"
EndProject
Project("{9A19103F-16F7-4668-BE54-9A1E7A4F7556}") = "Serialization", "Serialization\Serialization.csproj", "{5C637615-91B5-45DD-8F9E-342849F39112}"
EndProject
Project("{2150E333-8FDC-42A3-9474-1A3956D46DE8}") = "M006_Threads", "M006_Threads", "{41B63DDF-CB2A-4BDF-8A1F-97ADE12CDE53}"
EndProject
Project("{2150E333-8FDC-42A3-9474-1A3956D46DE8}") = "M007_TPL", "M007_TPL", "{8932E7CE-F94A-436E-99FB-901B9A63EA7A}"
EndProject
Project("{9A19103F-16F7-4668-BE54-9A1E7A4F7556}") = "Lab7_Images", "Lab7_Images\Lab7_Images.csproj", "{61DD430A-D93F-418A-8E52-2343B15212F9}"
EndProject
Project("{9A19103F-16F7-4668-BE54-9A1E7A4F7556}") = "TPL_Parallel", "TPL_Parallel\TPL_Parallel.csproj", "{39C84BD7-A8EA-4EA5-A70C-6D284178C501}"
EndProject
Project("{9A19103F-16F7-4668-BE54-9A1E7A4F7556}") = "TPL_Multitasking", "TPL_Multitasking\TPL_Multitasking.csproj", "{A6DBFE9B-7020-4206-9DAA-D27172B2A316}"
EndProject
Project("{9A19103F-16F7-4668-BE54-9A1E7A4F7556}") = "Lab4_SolarSystem", "Lab4_SolarSystem\Lab4_SolarSystem.csproj", "{0346A7E2-7500-43DC-89D5-368DF712F46A}"
EndProject
Project("{9A19103F-16F7-4668-BE54-9A1E7A4F7556}") = "Lab6_Konto", "Lab6_Konto\Lab6_Konto.csproj", "{1A696B16-B325-4813-A44D-30A8543D0571}"
EndProject
Project("{9A19103F-16F7-4668-BE54-9A1E7A4F7556}") = "1_Multithreading", "Threads\1_Multithreading\1_Multithreading.csproj", "{44A91470-265C-4173-A789-A043619E9C83}"
EndProject
Project("{9A19103F-16F7-4668-BE54-9A1E7A4F7556}") = "2_ThreadSync", "Threads\2_ThreadSync\2_ThreadSync.csproj", "{88D2FAA3-DA27-4190-A120-A30EEDEBABF5}"
EndProject
Project("{9A19103F-16F7-4668-BE54-9A1E7A4F7556}") = "3_Concurrency", "Threads\3_Concurrency\3_Concurrency.csproj", "{0B5756E3-33C2-4BA5-85A9-9262BAC44C5A}"
EndProject
Project("{2150E333-8FDC-42A3-9474-1A3956D46DE8}") = "M008_AsyncAwait", "M008_AsyncAwait", "{B2B1EB04-A0A1-4A93-A030-8DEFCB0CB819}"
EndProject
Project("{9A19103F-16F7-4668-BE54-9A1E7A4F7556}") = "Lab3_Delegates", "Lab3_Delegates\Lab3_Delegates.csproj", "{2DC054FA-A213-4AB8-8800-D5AADD137D54}"
EndProject
Project("{9A19103F-16F7-4668-BE54-9A1E7A4F7556}") = "TPL_AsyncAwait.Wpf", "TPL_AsyncAwait.Wpf\TPL_AsyncAwait.Wpf.csproj", "{D7CFAEEC-6B3E-4958-BA36-3D6437C28E90}"
EndProject
Project("{9A19103F-16F7-4668-BE54-9A1E7A4F7556}") = "Lab8_JsonSplit", "Lab8_JsonSplit\Lab8_JsonSplit.csproj", "{F7115DF8-1E10-484A-BFAB-D99B3AF75ADF}"
EndProject
Project("{2150E333-8FDC-42A3-9474-1A3956D46DE8}") = "M010_Reflection", "M010_Reflection", "{07058B07-B698-416B-B536-44892B620545}"
EndProject
Project("{2150E333-8FDC-42A3-9474-1A3956D46DE8}") = "M009_Linq", "M009_Linq", "{1B6D3C1A-DC18-4A65-8673-72FD3C1B4C8B}"
EndProject
Project("{FAE04EC0-301F-11D3-BF4B-00C04F79EFBC}") = "LinqSamples", "LinqSamples\LinqSamples.csproj", "{EC5C8148-0C7D-40A5-B313-9AEAA41BFA48}"
EndProject
Project("{FAE04EC0-301F-11D3-BF4B-00C04F79EFBC}") = "Lab9_Personen", "Lab9_Personen\Lab9_Personen.csproj", "{EFABF0F3-D950-450D-8976-3073F7C5323C}"
EndProject
Project("{FAE04EC0-301F-11D3-BF4B-00C04F79EFBC}") = "Reflection", "Reflection\Reflection.csproj", "{95C484B5-B57E-4708-9CD2-0D3DE85DEFCF}"
EndProject
Project("{FAE04EC0-301F-11D3-BF4B-00C04F79EFBC}") = "BusinessLogic", "BusinessLogic\BusinessLogic.csproj", "{B5160C24-C234-4694-B15F-6A077429ED67}"
EndProject
Global
	GlobalSection(SolutionConfigurationPlatforms) = preSolution
		Debug|Any CPU = Debug|Any CPU
		Release|Any CPU = Release|Any CPU
	EndGlobalSection
	GlobalSection(ProjectConfigurationPlatforms) = postSolution
		{EF019393-924F-4EE8-AFE4-0C2B298F22CB}.Debug|Any CPU.ActiveCfg = Debug|Any CPU
		{EF019393-924F-4EE8-AFE4-0C2B298F22CB}.Debug|Any CPU.Build.0 = Debug|Any CPU
		{EF019393-924F-4EE8-AFE4-0C2B298F22CB}.Release|Any CPU.ActiveCfg = Release|Any CPU
		{EF019393-924F-4EE8-AFE4-0C2B298F22CB}.Release|Any CPU.Build.0 = Release|Any CPU
		{5B2D29C4-ADA8-42FB-A950-737E76981A54}.Debug|Any CPU.ActiveCfg = Debug|Any CPU
		{5B2D29C4-ADA8-42FB-A950-737E76981A54}.Debug|Any CPU.Build.0 = Debug|Any CPU
		{5B2D29C4-ADA8-42FB-A950-737E76981A54}.Release|Any CPU.ActiveCfg = Release|Any CPU
		{5B2D29C4-ADA8-42FB-A950-737E76981A54}.Release|Any CPU.Build.0 = Release|Any CPU
		{61B1D871-2A73-472F-A22E-2974557A96B1}.Debug|Any CPU.ActiveCfg = Debug|Any CPU
		{61B1D871-2A73-472F-A22E-2974557A96B1}.Debug|Any CPU.Build.0 = Debug|Any CPU
		{61B1D871-2A73-472F-A22E-2974557A96B1}.Release|Any CPU.ActiveCfg = Release|Any CPU
		{61B1D871-2A73-472F-A22E-2974557A96B1}.Release|Any CPU.Build.0 = Release|Any CPU
		{0E9263DC-E116-4B98-9D6C-BF00B6A6A7AF}.Debug|Any CPU.ActiveCfg = Debug|Any CPU
		{0E9263DC-E116-4B98-9D6C-BF00B6A6A7AF}.Debug|Any CPU.Build.0 = Debug|Any CPU
		{0E9263DC-E116-4B98-9D6C-BF00B6A6A7AF}.Release|Any CPU.ActiveCfg = Release|Any CPU
		{0E9263DC-E116-4B98-9D6C-BF00B6A6A7AF}.Release|Any CPU.Build.0 = Release|Any CPU
		{06CC9F8E-E3A6-42EE-91AD-A779DFC5E49F}.Debug|Any CPU.ActiveCfg = Debug|Any CPU
		{06CC9F8E-E3A6-42EE-91AD-A779DFC5E49F}.Debug|Any CPU.Build.0 = Debug|Any CPU
		{06CC9F8E-E3A6-42EE-91AD-A779DFC5E49F}.Release|Any CPU.ActiveCfg = Release|Any CPU
		{06CC9F8E-E3A6-42EE-91AD-A779DFC5E49F}.Release|Any CPU.Build.0 = Release|Any CPU
		{5C637615-91B5-45DD-8F9E-342849F39112}.Debug|Any CPU.ActiveCfg = Debug|Any CPU
		{5C637615-91B5-45DD-8F9E-342849F39112}.Debug|Any CPU.Build.0 = Debug|Any CPU
		{5C637615-91B5-45DD-8F9E-342849F39112}.Release|Any CPU.ActiveCfg = Release|Any CPU
		{5C637615-91B5-45DD-8F9E-342849F39112}.Release|Any CPU.Build.0 = Release|Any CPU
		{61DD430A-D93F-418A-8E52-2343B15212F9}.Debug|Any CPU.ActiveCfg = Debug|Any CPU
		{61DD430A-D93F-418A-8E52-2343B15212F9}.Debug|Any CPU.Build.0 = Debug|Any CPU
		{61DD430A-D93F-418A-8E52-2343B15212F9}.Release|Any CPU.ActiveCfg = Release|Any CPU
		{61DD430A-D93F-418A-8E52-2343B15212F9}.Release|Any CPU.Build.0 = Release|Any CPU
		{39C84BD7-A8EA-4EA5-A70C-6D284178C501}.Debug|Any CPU.ActiveCfg = Debug|Any CPU
		{39C84BD7-A8EA-4EA5-A70C-6D284178C501}.Debug|Any CPU.Build.0 = Debug|Any CPU
		{39C84BD7-A8EA-4EA5-A70C-6D284178C501}.Release|Any CPU.ActiveCfg = Release|Any CPU
		{39C84BD7-A8EA-4EA5-A70C-6D284178C501}.Release|Any CPU.Build.0 = Release|Any CPU
		{A6DBFE9B-7020-4206-9DAA-D27172B2A316}.Debug|Any CPU.ActiveCfg = Debug|Any CPU
		{A6DBFE9B-7020-4206-9DAA-D27172B2A316}.Debug|Any CPU.Build.0 = Debug|Any CPU
		{A6DBFE9B-7020-4206-9DAA-D27172B2A316}.Release|Any CPU.ActiveCfg = Release|Any CPU
		{A6DBFE9B-7020-4206-9DAA-D27172B2A316}.Release|Any CPU.Build.0 = Release|Any CPU
		{0346A7E2-7500-43DC-89D5-368DF712F46A}.Debug|Any CPU.ActiveCfg = Debug|Any CPU
		{0346A7E2-7500-43DC-89D5-368DF712F46A}.Debug|Any CPU.Build.0 = Debug|Any CPU
		{0346A7E2-7500-43DC-89D5-368DF712F46A}.Release|Any CPU.ActiveCfg = Release|Any CPU
		{0346A7E2-7500-43DC-89D5-368DF712F46A}.Release|Any CPU.Build.0 = Release|Any CPU
		{1A696B16-B325-4813-A44D-30A8543D0571}.Debug|Any CPU.ActiveCfg = Debug|Any CPU
		{1A696B16-B325-4813-A44D-30A8543D0571}.Debug|Any CPU.Build.0 = Debug|Any CPU
		{1A696B16-B325-4813-A44D-30A8543D0571}.Release|Any CPU.ActiveCfg = Release|Any CPU
		{1A696B16-B325-4813-A44D-30A8543D0571}.Release|Any CPU.Build.0 = Release|Any CPU
		{44A91470-265C-4173-A789-A043619E9C83}.Debug|Any CPU.ActiveCfg = Debug|Any CPU
		{44A91470-265C-4173-A789-A043619E9C83}.Debug|Any CPU.Build.0 = Debug|Any CPU
		{44A91470-265C-4173-A789-A043619E9C83}.Release|Any CPU.ActiveCfg = Release|Any CPU
		{44A91470-265C-4173-A789-A043619E9C83}.Release|Any CPU.Build.0 = Release|Any CPU
		{88D2FAA3-DA27-4190-A120-A30EEDEBABF5}.Debug|Any CPU.ActiveCfg = Debug|Any CPU
		{88D2FAA3-DA27-4190-A120-A30EEDEBABF5}.Debug|Any CPU.Build.0 = Debug|Any CPU
		{88D2FAA3-DA27-4190-A120-A30EEDEBABF5}.Release|Any CPU.ActiveCfg = Release|Any CPU
		{88D2FAA3-DA27-4190-A120-A30EEDEBABF5}.Release|Any CPU.Build.0 = Release|Any CPU
		{0B5756E3-33C2-4BA5-85A9-9262BAC44C5A}.Debug|Any CPU.ActiveCfg = Debug|Any CPU
		{0B5756E3-33C2-4BA5-85A9-9262BAC44C5A}.Debug|Any CPU.Build.0 = Debug|Any CPU
		{0B5756E3-33C2-4BA5-85A9-9262BAC44C5A}.Release|Any CPU.ActiveCfg = Release|Any CPU
		{0B5756E3-33C2-4BA5-85A9-9262BAC44C5A}.Release|Any CPU.Build.0 = Release|Any CPU
		{2DC054FA-A213-4AB8-8800-D5AADD137D54}.Debug|Any CPU.ActiveCfg = Debug|Any CPU
		{2DC054FA-A213-4AB8-8800-D5AADD137D54}.Debug|Any CPU.Build.0 = Debug|Any CPU
		{2DC054FA-A213-4AB8-8800-D5AADD137D54}.Release|Any CPU.ActiveCfg = Release|Any CPU
		{2DC054FA-A213-4AB8-8800-D5AADD137D54}.Release|Any CPU.Build.0 = Release|Any CPU
		{D7CFAEEC-6B3E-4958-BA36-3D6437C28E90}.Debug|Any CPU.ActiveCfg = Debug|Any CPU
		{D7CFAEEC-6B3E-4958-BA36-3D6437C28E90}.Debug|Any CPU.Build.0 = Debug|Any CPU
		{D7CFAEEC-6B3E-4958-BA36-3D6437C28E90}.Release|Any CPU.ActiveCfg = Release|Any CPU
		{D7CFAEEC-6B3E-4958-BA36-3D6437C28E90}.Release|Any CPU.Build.0 = Release|Any CPU
		{F7115DF8-1E10-484A-BFAB-D99B3AF75ADF}.Debug|Any CPU.ActiveCfg = Debug|Any CPU
		{F7115DF8-1E10-484A-BFAB-D99B3AF75ADF}.Debug|Any CPU.Build.0 = Debug|Any CPU
		{F7115DF8-1E10-484A-BFAB-D99B3AF75ADF}.Release|Any CPU.ActiveCfg = Release|Any CPU
		{F7115DF8-1E10-484A-BFAB-D99B3AF75ADF}.Release|Any CPU.Build.0 = Release|Any CPU
		{EC5C8148-0C7D-40A5-B313-9AEAA41BFA48}.Debug|Any CPU.ActiveCfg = Debug|Any CPU
		{EC5C8148-0C7D-40A5-B313-9AEAA41BFA48}.Debug|Any CPU.Build.0 = Debug|Any CPU
		{EC5C8148-0C7D-40A5-B313-9AEAA41BFA48}.Release|Any CPU.ActiveCfg = Release|Any CPU
		{EC5C8148-0C7D-40A5-B313-9AEAA41BFA48}.Release|Any CPU.Build.0 = Release|Any CPU
		{EFABF0F3-D950-450D-8976-3073F7C5323C}.Debug|Any CPU.ActiveCfg = Debug|Any CPU
		{EFABF0F3-D950-450D-8976-3073F7C5323C}.Debug|Any CPU.Build.0 = Debug|Any CPU
		{EFABF0F3-D950-450D-8976-3073F7C5323C}.Release|Any CPU.ActiveCfg = Release|Any CPU
		{EFABF0F3-D950-450D-8976-3073F7C5323C}.Release|Any CPU.Build.0 = Release|Any CPU
		{95C484B5-B57E-4708-9CD2-0D3DE85DEFCF}.Debug|Any CPU.ActiveCfg = Debug|Any CPU
		{95C484B5-B57E-4708-9CD2-0D3DE85DEFCF}.Debug|Any CPU.Build.0 = Debug|Any CPU
		{95C484B5-B57E-4708-9CD2-0D3DE85DEFCF}.Release|Any CPU.ActiveCfg = Release|Any CPU
		{95C484B5-B57E-4708-9CD2-0D3DE85DEFCF}.Release|Any CPU.Build.0 = Release|Any CPU
		{B5160C24-C234-4694-B15F-6A077429ED67}.Debug|Any CPU.ActiveCfg = Debug|Any CPU
		{B5160C24-C234-4694-B15F-6A077429ED67}.Debug|Any CPU.Build.0 = Debug|Any CPU
		{B5160C24-C234-4694-B15F-6A077429ED67}.Release|Any CPU.ActiveCfg = Release|Any CPU
		{B5160C24-C234-4694-B15F-6A077429ED67}.Release|Any CPU.Build.0 = Release|Any CPU
	EndGlobalSection
	GlobalSection(SolutionProperties) = preSolution
		HideSolutionNode = FALSE
	EndGlobalSection
	GlobalSection(NestedProjects) = preSolution
		{EF019393-924F-4EE8-AFE4-0C2B298F22CB} = {D96FB3DE-17A4-4259-A4BD-5DA0EEDAFE2B}
		{5B2D29C4-ADA8-42FB-A950-737E76981A54} = {D96FB3DE-17A4-4259-A4BD-5DA0EEDAFE2B}
		{61B1D871-2A73-472F-A22E-2974557A96B1} = {626A015B-D0BF-4C7C-AA59-4C5DA4665C11}
		{0E9263DC-E116-4B98-9D6C-BF00B6A6A7AF} = {626A015B-D0BF-4C7C-AA59-4C5DA4665C11}
		{06CC9F8E-E3A6-42EE-91AD-A779DFC5E49F} = {8BEC0F69-5E23-4937-8E87-1E448E4493FF}
		{5C637615-91B5-45DD-8F9E-342849F39112} = {52C7A032-17FE-4E86-8BF5-DF8BC7F612CE}
		{61DD430A-D93F-418A-8E52-2343B15212F9} = {8932E7CE-F94A-436E-99FB-901B9A63EA7A}
		{39C84BD7-A8EA-4EA5-A70C-6D284178C501} = {8932E7CE-F94A-436E-99FB-901B9A63EA7A}
		{A6DBFE9B-7020-4206-9DAA-D27172B2A316} = {8932E7CE-F94A-436E-99FB-901B9A63EA7A}
		{0346A7E2-7500-43DC-89D5-368DF712F46A} = {8BEC0F69-5E23-4937-8E87-1E448E4493FF}
		{1A696B16-B325-4813-A44D-30A8543D0571} = {41B63DDF-CB2A-4BDF-8A1F-97ADE12CDE53}
		{44A91470-265C-4173-A789-A043619E9C83} = {41B63DDF-CB2A-4BDF-8A1F-97ADE12CDE53}
		{88D2FAA3-DA27-4190-A120-A30EEDEBABF5} = {41B63DDF-CB2A-4BDF-8A1F-97ADE12CDE53}
		{0B5756E3-33C2-4BA5-85A9-9262BAC44C5A} = {41B63DDF-CB2A-4BDF-8A1F-97ADE12CDE53}
		{2DC054FA-A213-4AB8-8800-D5AADD137D54} = {626A015B-D0BF-4C7C-AA59-4C5DA4665C11}
		{D7CFAEEC-6B3E-4958-BA36-3D6437C28E90} = {B2B1EB04-A0A1-4A93-A030-8DEFCB0CB819}
		{F7115DF8-1E10-484A-BFAB-D99B3AF75ADF} = {B2B1EB04-A0A1-4A93-A030-8DEFCB0CB819}
		{EC5C8148-0C7D-40A5-B313-9AEAA41BFA48} = {1B6D3C1A-DC18-4A65-8673-72FD3C1B4C8B}
		{EFABF0F3-D950-450D-8976-3073F7C5323C} = {1B6D3C1A-DC18-4A65-8673-72FD3C1B4C8B}
		{95C484B5-B57E-4708-9CD2-0D3DE85DEFCF} = {07058B07-B698-416B-B536-44892B620545}
	EndGlobalSection
	GlobalSection(ExtensibilityGlobals) = postSolution
		SolutionGuid = {228BB0FE-770C-4EF1-B4A3-6152BAC00F37}
	EndGlobalSection
EndGlobal
