
Microsoft Visual Studio Solution File, Format Version 12.00
# Visual Studio Version 17
VisualStudioVersion = 17.10.35013.160
MinimumVisualStudioVersion = 10.0.40219.1
Project("{9A19103F-16F7-4668-BE54-9A1E7A4F7556}") = "TopLevelStatements", "TopLevelStatements\TopLevelStatements.csproj", "{EF019393-924F-4EE8-AFE4-0C2B298F22CB}"
EndProject
Project("{2150E333-8FDC-42A3-9474-1A3956D46DE8}") = "M001_Sprachfeatures", "M001_Sprachfeatures", "{D96FB3DE-17A4-4259-A4BD-5DA0EEDAFE2B}"
EndProject
Project("{9A19103F-16F7-4668-BE54-9A1E7A4F7556}") = "Sprachfeatures", "Sprachfeatures\Sprachfeatures.csproj", "{5B2D29C4-ADA8-42FB-A950-737E76981A54}"
EndProject
Project("{2150E333-8FDC-42A3-9474-1A3956D46DE8}") = "M003_DelegatesEvents", "M003_DelegatesEvents", "{626A015B-D0BF-4C7C-AA59-4C5DA4665C11}"
EndProject
Project("{9A19103F-16F7-4668-BE54-9A1E7A4F7556}") = "Delegates", "Delegates\Delegates.csproj", "{61B1D871-2A73-472F-A22E-2974557A96B1}"
EndProject
Project("{9A19103F-16F7-4668-BE54-9A1E7A4F7556}") = "Events", "Events\Events.csproj", "{0E9263DC-E116-4B98-9D6C-BF00B6A6A7AF}"
EndProject
Project("{9A19103F-16F7-4668-BE54-9A1E7A4F7556}") = "Lab_Delegates", "Lab_Delegates\Lab_Delegates.csproj", "{1521B831-C8ED-49EF-B81F-48A9CC52414D}"
EndProject
Project("{2150E333-8FDC-42A3-9474-1A3956D46DE8}") = "M004_Generics", "M004_Generics", "{8BEC0F69-5E23-4937-8E87-1E448E4493FF}"
EndProject
Project("{9A19103F-16F7-4668-BE54-9A1E7A4F7556}") = "Generics", "Generics\Generics.csproj", "{06CC9F8E-E3A6-42EE-91AD-A779DFC5E49F}"
EndProject
Project("{9A19103F-16F7-4668-BE54-9A1E7A4F7556}") = "Lab_SolarSystem", "Lab_SolarSystem\Lab_SolarSystem.csproj", "{730F0BF5-28A6-4779-A9DA-9F4309F7DDEC}"
EndProject
Project("{2150E333-8FDC-42A3-9474-1A3956D46DE8}") = "M005_Serialization", "M005_Serialization", "{52C7A032-17FE-4E86-8BF5-DF8BC7F612CE}"
EndProject
Project("{9A19103F-16F7-4668-BE54-9A1E7A4F7556}") = "Serialization", "Serialization\Serialization.csproj", "{5C637615-91B5-45DD-8F9E-342849F39112}"
EndProject
Project("{2150E333-8FDC-42A3-9474-1A3956D46DE8}") = "M006_Threads", "M006_Threads", "{41B63DDF-CB2A-4BDF-8A1F-97ADE12CDE53}"
EndProject
Project("{FAE04EC0-301F-11D3-BF4B-00C04F79EFBC}") = "1_Multithreading", "Multithreading\1_Multithreading.csproj", "{FC1997A0-6099-4433-AFFE-CF189076AADB}"
EndProject
Project("{FAE04EC0-301F-11D3-BF4B-00C04F79EFBC}") = "2_ThreadSync", "ThreadSync\2_ThreadSync.csproj", "{7D9E3813-DE8C-4AF6-8E79-4A8E5E4E5DE7}"
EndProject
Project("{9A19103F-16F7-4668-BE54-9A1E7A4F7556}") = "Lab_Konto", "Lab_Konto\Lab_Konto.csproj", "{7A6597BE-CCB8-4FAD-8035-4EA9ACC5D978}"
EndProject
Project("{FAE04EC0-301F-11D3-BF4B-00C04F79EFBC}") = "3_Concurrency", "3_Concurrency\3_Concurrency.csproj", "{AA59DDBA-35E1-4E6F-8D03-2A20DF605C5B}"
EndProject
Project("{2150E333-8FDC-42A3-9474-1A3956D46DE8}") = "M007_TPL", "M007_TPL", "{8932E7CE-F94A-436E-99FB-901B9A63EA7A}"
EndProject
Project("{FAE04EC0-301F-11D3-BF4B-00C04F79EFBC}") = "Multitasking", "Multitasking\Multitasking.csproj", "{4FC1521B-5E77-4F5B-9E6C-B2F1CF45DB7B}"
EndProject
Project("{2150E333-8FDC-42A3-9474-1A3956D46DE8}") = "Lab-Vorgabe", "Lab-Vorgabe", "{B9FB4C74-371A-43A8-83AF-CAE3E62D7E3E}"
EndProject
Project("{9A19103F-16F7-4668-BE54-9A1E7A4F7556}") = "TPL_Uebung", "Lab7_Vorgabe\TPL_Uebung.csproj", "{38106AEE-B502-4A0B-8AF1-4910142B74F7}"
EndProject
Global
	GlobalSection(SolutionConfigurationPlatforms) = preSolution
		Debug|Any CPU = Debug|Any CPU
		Release|Any CPU = Release|Any CPU
	EndGlobalSection
	GlobalSection(ProjectConfigurationPlatforms) = postSolution
		{EF019393-924F-4EE8-AFE4-0C2B298F22CB}.Debug|Any CPU.ActiveCfg = Debug|Any CPU
		{EF019393-924F-4EE8-AFE4-0C2B298F22CB}.Debug|Any CPU.Build.0 = Debug|Any CPU
		{EF019393-924F-4EE8-AFE4-0C2B298F22CB}.Release|Any CPU.ActiveCfg = Release|Any CPU
		{EF019393-924F-4EE8-AFE4-0C2B298F22CB}.Release|Any CPU.Build.0 = Release|Any CPU
		{5B2D29C4-ADA8-42FB-A950-737E76981A54}.Debug|Any CPU.ActiveCfg = Debug|Any CPU
		{5B2D29C4-ADA8-42FB-A950-737E76981A54}.Debug|Any CPU.Build.0 = Debug|Any CPU
		{5B2D29C4-ADA8-42FB-A950-737E76981A54}.Release|Any CPU.ActiveCfg = Release|Any CPU
		{5B2D29C4-ADA8-42FB-A950-737E76981A54}.Release|Any CPU.Build.0 = Release|Any CPU
		{61B1D871-2A73-472F-A22E-2974557A96B1}.Debug|Any CPU.ActiveCfg = Debug|Any CPU
		{61B1D871-2A73-472F-A22E-2974557A96B1}.Debug|Any CPU.Build.0 = Debug|Any CPU
		{61B1D871-2A73-472F-A22E-2974557A96B1}.Release|Any CPU.ActiveCfg = Release|Any CPU
		{61B1D871-2A73-472F-A22E-2974557A96B1}.Release|Any CPU.Build.0 = Release|Any CPU
		{0E9263DC-E116-4B98-9D6C-BF00B6A6A7AF}.Debug|Any CPU.ActiveCfg = Debug|Any CPU
		{0E9263DC-E116-4B98-9D6C-BF00B6A6A7AF}.Debug|Any CPU.Build.0 = Debug|Any CPU
		{0E9263DC-E116-4B98-9D6C-BF00B6A6A7AF}.Release|Any CPU.ActiveCfg = Release|Any CPU
		{0E9263DC-E116-4B98-9D6C-BF00B6A6A7AF}.Release|Any CPU.Build.0 = Release|Any CPU
		{1521B831-C8ED-49EF-B81F-48A9CC52414D}.Debug|Any CPU.ActiveCfg = Debug|Any CPU
		{1521B831-C8ED-49EF-B81F-48A9CC52414D}.Debug|Any CPU.Build.0 = Debug|Any CPU
		{1521B831-C8ED-49EF-B81F-48A9CC52414D}.Release|Any CPU.ActiveCfg = Release|Any CPU
		{1521B831-C8ED-49EF-B81F-48A9CC52414D}.Release|Any CPU.Build.0 = Release|Any CPU
		{06CC9F8E-E3A6-42EE-91AD-A779DFC5E49F}.Debug|Any CPU.ActiveCfg = Debug|Any CPU
		{06CC9F8E-E3A6-42EE-91AD-A779DFC5E49F}.Debug|Any CPU.Build.0 = Debug|Any CPU
		{06CC9F8E-E3A6-42EE-91AD-A779DFC5E49F}.Release|Any CPU.ActiveCfg = Release|Any CPU
		{06CC9F8E-E3A6-42EE-91AD-A779DFC5E49F}.Release|Any CPU.Build.0 = Release|Any CPU
		{730F0BF5-28A6-4779-A9DA-9F4309F7DDEC}.Debug|Any CPU.ActiveCfg = Debug|Any CPU
		{730F0BF5-28A6-4779-A9DA-9F4309F7DDEC}.Debug|Any CPU.Build.0 = Debug|Any CPU
		{730F0BF5-28A6-4779-A9DA-9F4309F7DDEC}.Release|Any CPU.ActiveCfg = Release|Any CPU
		{730F0BF5-28A6-4779-A9DA-9F4309F7DDEC}.Release|Any CPU.Build.0 = Release|Any CPU
		{5C637615-91B5-45DD-8F9E-342849F39112}.Debug|Any CPU.ActiveCfg = Debug|Any CPU
		{5C637615-91B5-45DD-8F9E-342849F39112}.Debug|Any CPU.Build.0 = Debug|Any CPU
		{5C637615-91B5-45DD-8F9E-342849F39112}.Release|Any CPU.ActiveCfg = Release|Any CPU
		{5C637615-91B5-45DD-8F9E-342849F39112}.Release|Any CPU.Build.0 = Release|Any CPU
		{FC1997A0-6099-4433-AFFE-CF189076AADB}.Debug|Any CPU.ActiveCfg = Debug|Any CPU
		{FC1997A0-6099-4433-AFFE-CF189076AADB}.Debug|Any CPU.Build.0 = Debug|Any CPU
		{FC1997A0-6099-4433-AFFE-CF189076AADB}.Release|Any CPU.ActiveCfg = Release|Any CPU
		{FC1997A0-6099-4433-AFFE-CF189076AADB}.Release|Any CPU.Build.0 = Release|Any CPU
		{7D9E3813-DE8C-4AF6-8E79-4A8E5E4E5DE7}.Debug|Any CPU.ActiveCfg = Debug|Any CPU
		{7D9E3813-DE8C-4AF6-8E79-4A8E5E4E5DE7}.Debug|Any CPU.Build.0 = Debug|Any CPU
		{7D9E3813-DE8C-4AF6-8E79-4A8E5E4E5DE7}.Release|Any CPU.ActiveCfg = Release|Any CPU
		{7D9E3813-DE8C-4AF6-8E79-4A8E5E4E5DE7}.Release|Any CPU.Build.0 = Release|Any CPU
		{7A6597BE-CCB8-4FAD-8035-4EA9ACC5D978}.Debug|Any CPU.ActiveCfg = Debug|Any CPU
		{7A6597BE-CCB8-4FAD-8035-4EA9ACC5D978}.Debug|Any CPU.Build.0 = Debug|Any CPU
		{7A6597BE-CCB8-4FAD-8035-4EA9ACC5D978}.Release|Any CPU.ActiveCfg = Release|Any CPU
		{7A6597BE-CCB8-4FAD-8035-4EA9ACC5D978}.Release|Any CPU.Build.0 = Release|Any CPU
		{AA59DDBA-35E1-4E6F-8D03-2A20DF605C5B}.Debug|Any CPU.ActiveCfg = Debug|Any CPU
		{AA59DDBA-35E1-4E6F-8D03-2A20DF605C5B}.Debug|Any CPU.Build.0 = Debug|Any CPU
		{AA59DDBA-35E1-4E6F-8D03-2A20DF605C5B}.Release|Any CPU.ActiveCfg = Release|Any CPU
		{AA59DDBA-35E1-4E6F-8D03-2A20DF605C5B}.Release|Any CPU.Build.0 = Release|Any CPU
		{4FC1521B-5E77-4F5B-9E6C-B2F1CF45DB7B}.Debug|Any CPU.ActiveCfg = Debug|Any CPU
		{4FC1521B-5E77-4F5B-9E6C-B2F1CF45DB7B}.Debug|Any CPU.Build.0 = Debug|Any CPU
		{4FC1521B-5E77-4F5B-9E6C-B2F1CF45DB7B}.Release|Any CPU.ActiveCfg = Release|Any CPU
		{4FC1521B-5E77-4F5B-9E6C-B2F1CF45DB7B}.Release|Any CPU.Build.0 = Release|Any CPU
		{38106AEE-B502-4A0B-8AF1-4910142B74F7}.Debug|Any CPU.ActiveCfg = Debug|Any CPU
		{38106AEE-B502-4A0B-8AF1-4910142B74F7}.Debug|Any CPU.Build.0 = Debug|Any CPU
		{38106AEE-B502-4A0B-8AF1-4910142B74F7}.Release|Any CPU.ActiveCfg = Release|Any CPU
		{38106AEE-B502-4A0B-8AF1-4910142B74F7}.Release|Any CPU.Build.0 = Release|Any CPU
	EndGlobalSection
	GlobalSection(SolutionProperties) = preSolution
		HideSolutionNode = FALSE
	EndGlobalSection
	GlobalSection(NestedProjects) = preSolution
		{EF019393-924F-4EE8-AFE4-0C2B298F22CB} = {D96FB3DE-17A4-4259-A4BD-5DA0EEDAFE2B}
		{5B2D29C4-ADA8-42FB-A950-737E76981A54} = {D96FB3DE-17A4-4259-A4BD-5DA0EEDAFE2B}
		{61B1D871-2A73-472F-A22E-2974557A96B1} = {626A015B-D0BF-4C7C-AA59-4C5DA4665C11}
		{0E9263DC-E116-4B98-9D6C-BF00B6A6A7AF} = {626A015B-D0BF-4C7C-AA59-4C5DA4665C11}
		{1521B831-C8ED-49EF-B81F-48A9CC52414D} = {626A015B-D0BF-4C7C-AA59-4C5DA4665C11}
		{06CC9F8E-E3A6-42EE-91AD-A779DFC5E49F} = {8BEC0F69-5E23-4937-8E87-1E448E4493FF}
		{730F0BF5-28A6-4779-A9DA-9F4309F7DDEC} = {8BEC0F69-5E23-4937-8E87-1E448E4493FF}
		{5C637615-91B5-45DD-8F9E-342849F39112} = {52C7A032-17FE-4E86-8BF5-DF8BC7F612CE}
		{FC1997A0-6099-4433-AFFE-CF189076AADB} = {41B63DDF-CB2A-4BDF-8A1F-97ADE12CDE53}
		{7D9E3813-DE8C-4AF6-8E79-4A8E5E4E5DE7} = {41B63DDF-CB2A-4BDF-8A1F-97ADE12CDE53}
		{7A6597BE-CCB8-4FAD-8035-4EA9ACC5D978} = {41B63DDF-CB2A-4BDF-8A1F-97ADE12CDE53}
		{AA59DDBA-35E1-4E6F-8D03-2A20DF605C5B} = {41B63DDF-CB2A-4BDF-8A1F-97ADE12CDE53}
		{4FC1521B-5E77-4F5B-9E6C-B2F1CF45DB7B} = {8932E7CE-F94A-436E-99FB-901B9A63EA7A}
		{B9FB4C74-371A-43A8-83AF-CAE3E62D7E3E} = {8932E7CE-F94A-436E-99FB-901B9A63EA7A}
		{38106AEE-B502-4A0B-8AF1-4910142B74F7} = {B9FB4C74-371A-43A8-83AF-CAE3E62D7E3E}
	EndGlobalSection
	GlobalSection(ExtensibilityGlobals) = postSolution
		SolutionGuid = {228BB0FE-770C-4EF1-B4A3-6152BAC00F37}
	EndGlobalSection
EndGlobal
